dependencies:
- name: aissemble-spark-history-chart
  repository: oci://ghcr.io/boozallen
  version: 1.12.1
- name: aissemble-thrift-server-chart
  repository: oci://ghcr.io/boozallen
  version: 1.12.1
- name: aissemble-hive-metastore-service-chart
  repository: oci://ghcr.io/boozallen
  version: 1.12.1
digest: sha256:48671751aadfcaf372e381c5a129f2af2d719265c13cc624c80b06c667ea2ce6
generated: "2025-04-24T10:21:17.144905-05:00"
